{
  "name": "oct23-t3w2-intro-to-nodejs",
  "version": "1.0.0",
  "lockfileVersion": 3,
  "requires": true,
  "packages": {
    "": {
      "name": "oct23-t3w2-intro-to-nodejs",
      "version": "1.0.0",
      "license": "ISC",
      "dependencies": {
        "pokemon": "^3.0.0"
      }
    },
    "node_modules/pokemon": {
      "version": "3.0.0",
      "resolved": "https://registry.npmjs.org/pokemon/-/pokemon-3.0.0.tgz",
      "integrity": "sha512-k3sYWkfMVCe3Sj6RWIg8EoLLQ3Ahe8sfhHzLUXDQRT55bpD+r7kZax9AxGiTiqf+U8AV4XvsrhMZkojoJmPKsw==",
      "dependencies": {
        "unique-random-array": "^2.0.0"
      },
      "engines": {
        "node": ">=18"
      },
      "funding": {
        "url": "https://github.com/sponsors/sindresorhus"
      }
    },
    "node_modules/unique-random": {
      "version": "2.1.0",
      "resolved": "https://registry.npmjs.org/unique-random/-/unique-random-2.1.0.tgz",
      "integrity": "sha512-iQ1ZgWac3b8YxGThecQFRQiqgk6xFERRwHZIWeVVsqlbmgCRl0PY13R4mUkodNgctmg5b5odG1nyW/IbOxQTqg==",
      "engines": {
        "node": ">=6"
      }
    },
    "node_modules/unique-random-array": {
      "version": "2.0.0",
      "resolved": "https://registry.npmjs.org/unique-random-array/-/unique-random-array-2.0.0.tgz",
      "integrity": "sha512-xR87O95fZ7hljw84J8r1YDXrvffPLWN513BNOP4Bv0KcgG5dyEUrHwsvP7mVAOKg4Y80uqRbpUk0GKr8il70qg==",
      "dependencies": {
        "unique-random": "^2.1.0"
      },
      "engines": {
        "node": ">=8"
      }
    }
  }
}
